// !$*UTF8*$!
{
	archiveVersion = 1;
	classes = {
	};
	objectVersion = 46;
	objects = {

/* Begin PBXBuildFile section */
		291CBA5719082D5D001F6D32 /* Foundation.framework in Frameworks */ = {isa = PBXBuildFile; fileRef = 291CBA5619082D5D001F6D32 /* Foundation.framework */; };
		291CBA5919082D5D001F6D32 /* CoreGraphics.framework in Frameworks */ = {isa = PBXBuildFile; fileRef = 291CBA5819082D5D001F6D32 /* CoreGraphics.framework */; };
		291CBA5B19082D5D001F6D32 /* UIKit.framework in Frameworks */ = {isa = PBXBuildFile; fileRef = 291CBA5A19082D5D001F6D32 /* UIKit.framework */; };
		291CBA5D19082D5D001F6D32 /* SpriteKit.framework in Frameworks */ = {isa = PBXBuildFile; fileRef = 291CBA5C19082D5D001F6D32 /* SpriteKit.framework */; };
		291CBA6319082D5D001F6D32 /* InfoPlist.strings in Resources */ = {isa = PBXBuildFile; fileRef = 291CBA6119082D5D001F6D32 /* InfoPlist.strings */; };
		291CBA6519082D5D001F6D32 /* main.m in Sources */ = {isa = PBXBuildFile; fileRef = 291CBA6419082D5D001F6D32 /* main.m */; };
		291CBA6919082D5D001F6D32 /* AppDelegate.m in Sources */ = {isa = PBXBuildFile; fileRef = 291CBA6819082D5D001F6D32 /* AppDelegate.m */; };
		291CBA6C19082D5D001F6D32 /* Main.storyboard in Resources */ = {isa = PBXBuildFile; fileRef = 291CBA6A19082D5D001F6D32 /* Main.storyboard */; };
		291CBA6F19082D5D001F6D32 /* ViewController.m in Sources */ = {isa = PBXBuildFile; fileRef = 291CBA6E19082D5D001F6D32 /* ViewController.m */; };
		291CBA7619082D5D001F6D32 /* Images.xcassets in Resources */ = {isa = PBXBuildFile; fileRef = 291CBA7519082D5D001F6D32 /* Images.xcassets */; };
		291CBA7D19082D5D001F6D32 /* XCTest.framework in Frameworks */ = {isa = PBXBuildFile; fileRef = 291CBA7C19082D5D001F6D32 /* XCTest.framework */; };
		291CBA7E19082D5D001F6D32 /* Foundation.framework in Frameworks */ = {isa = PBXBuildFile; fileRef = 291CBA5619082D5D001F6D32 /* Foundation.framework */; };
		291CBA7F19082D5D001F6D32 /* UIKit.framework in Frameworks */ = {isa = PBXBuildFile; fileRef = 291CBA5A19082D5D001F6D32 /* UIKit.framework */; };
		291CBA8719082D5D001F6D32 /* InfoPlist.strings in Resources */ = {isa = PBXBuildFile; fileRef = 291CBA8519082D5D001F6D32 /* InfoPlist.strings */; };
		291CBA8919082D5D001F6D32 /* SpaceTutTests.m in Sources */ = {isa = PBXBuildFile; fileRef = 291CBA8819082D5D001F6D32 /* SpaceTutTests.m */; };
		291CBAC119082DDC001F6D32 /* gameFloor.m in Sources */ = {isa = PBXBuildFile; fileRef = 291CBA9C19082DDC001F6D32 /* gameFloor.m */; };
		291CBAC219082DDC001F6D32 /* gameScene.m in Sources */ = {isa = PBXBuildFile; fileRef = 291CBA9F19082DDC001F6D32 /* gameScene.m */; };
		291CBAC419082DDC001F6D32 /* Timer.m in Sources */ = {isa = PBXBuildFile; fileRef = 291CBAA519082DDC001F6D32 /* Timer.m */; };
		291CBAC519082DDC001F6D32 /* background.png in Resources */ = {isa = PBXBuildFile; fileRef = 291CBAA919082DDC001F6D32 /* background.png */; };
		291CBAC619082DDC001F6D32 /* ex.png in Resources */ = {isa = PBXBuildFile; fileRef = 291CBAAA19082DDC001F6D32 /* ex.png */; };
		291CBAC719082DDC001F6D32 /* ex1.png in Resources */ = {isa = PBXBuildFile; fileRef = 291CBAAB19082DDC001F6D32 /* ex1.png */; };
		291CBAC819082DDC001F6D32 /* jelly.png in Resources */ = {isa = PBXBuildFile; fileRef = 291CBAAC19082DDC001F6D32 /* jelly.png */; };
		291CBAC919082DDC001F6D32 /* newbg1.png in Resources */ = {isa = PBXBuildFile; fileRef = 291CBAAD19082DDC001F6D32 /* newbg1.png */; };
		291CBACA19082DDC001F6D32 /* newbg2.png in Resources */ = {isa = PBXBuildFile; fileRef = 291CBAAE19082DDC001F6D32 /* newbg2.png */; };
		291CBACB19082DDC001F6D32 /* spark.png in Resources */ = {isa = PBXBuildFile; fileRef = 291CBAAF19082DDC001F6D32 /* spark.png */; };
		291CBACC19082DDC001F6D32 /* tiro.png in Resources */ = {isa = PBXBuildFile; fileRef = 291CBAB019082DDC001F6D32 /* tiro.png */; };
		291CBACD19082DDC001F6D32 /* tiro1.png in Resources */ = {isa = PBXBuildFile; fileRef = 291CBAB219082DDC001F6D32 /* tiro1.png */; };
		291CBACE19082DDC001F6D32 /* tiro2.png in Resources */ = {isa = PBXBuildFile; fileRef = 291CBAB319082DDC001F6D32 /* tiro2.png */; };
		291CBACF19082DDC001F6D32 /* tiro3.png in Resources */ = {isa = PBXBuildFile; fileRef = 291CBAB419082DDC001F6D32 /* tiro3.png */; };
		291CBAD019082DDC001F6D32 /* tiro4.png in Resources */ = {isa = PBXBuildFile; fileRef = 291CBAB519082DDC001F6D32 /* tiro4.png */; };
		291CBAD119082DDC001F6D32 /* tiro5.png in Resources */ = {isa = PBXBuildFile; fileRef = 291CBAB619082DDC001F6D32 /* tiro5.png */; };
		291CBAD219082DDC001F6D32 /* tiro6.png in Resources */ = {isa = PBXBuildFile; fileRef = 291CBAB719082DDC001F6D32 /* tiro6.png */; };
		291CBAD319082DDC001F6D32 /* tiro7.png in Resources */ = {isa = PBXBuildFile; fileRef = 291CBAB819082DDC001F6D32 /* tiro7.png */; };
		291CBAD419082DDC001F6D32 /* tiro8.png in Resources */ = {isa = PBXBuildFile; fileRef = 291CBAB919082DDC001F6D32 /* tiro8.png */; };
		291CBAD519082DDC001F6D32 /* tiro9.png in Resources */ = {isa = PBXBuildFile; fileRef = 291CBABA19082DDC001F6D32 /* tiro9.png */; };
		291CBAD619082DDC001F6D32 /* tut.png in Resources */ = {isa = PBXBuildFile; fileRef = 291CBABB19082DDC001F6D32 /* tut.png */; };
		291CBAD719082DDC001F6D32 /* FireParticle.sks in Resources */ = {isa = PBXBuildFile; fileRef = 291CBABD19082DDC001F6D32 /* FireParticle.sks */; };
		291CBAD819082DDC001F6D32 /* SnowParticle.sks in Resources */ = {isa = PBXBuildFile; fileRef = 291CBABE19082DDC001F6D32 /* SnowParticle.sks */; };
		296E4762190988560035EC5A /* RandonRote.m in Sources */ = {isa = PBXBuildFile; fileRef = 296E4760190988560035EC5A /* RandonRote.m */; };
		29E6218B19099807002D4D29 /* Tut.m in Sources */ = {isa = PBXBuildFile; fileRef = 29E6218A19099807002D4D29 /* Tut.m */; };
		29E6218D19099ED9002D4D29 /* 2.png in Resources */ = {isa = PBXBuildFile; fileRef = 29E6218C19099ED9002D4D29 /* 2.png */; };
		29E621901909A3E1002D4D29 /* redfoot2.wav in Resources */ = {isa = PBXBuildFile; fileRef = 29E6218F1909A3E1002D4D29 /* redfoot2.wav */; };
		29E621921909A58D002D4D29 /* shot.wav in Resources */ = {isa = PBXBuildFile; fileRef = 29E621911909A58D002D4D29 /* shot.wav */; };
		29E621941909A6E6002D4D29 /* som.wav in Resources */ = {isa = PBXBuildFile; fileRef = 29E621931909A6E6002D4D29 /* som.wav */; };
		29E621961909AADE002D4D29 /* ex2.png in Resources */ = {isa = PBXBuildFile; fileRef = 29E621951909AADE002D4D29 /* ex2.png */; };
		29E6219A1909ABD4002D4D29 /* Player.m in Sources */ = {isa = PBXBuildFile; fileRef = 29E621991909ABD4002D4D29 /* Player.m */; };
		29E6219E1909AE3F002D4D29 /* MenuScene.m in Sources */ = {isa = PBXBuildFile; fileRef = 29E6219D1909AE3F002D4D29 /* MenuScene.m */; };
		29E95C1B1908375D0015E355 /* Colision.m in Sources */ = {isa = PBXBuildFile; fileRef = 29E95C1A1908375D0015E355 /* Colision.m */; };
		29E95C1F19083A070015E355 /* Enemy.m in Sources */ = {isa = PBXBuildFile; fileRef = 29E95C1E19083A070015E355 /* Enemy.m */; };
		29E95C3D19083DE00015E355 /* Shot.m in Sources */ = {isa = PBXBuildFile; fileRef = 29E95C3C19083DE00015E355 /* Shot.m */; };
		29E95C4219084F3E0015E355 /* Explosion.m in Sources */ = {isa = PBXBuildFile; fileRef = 29E95C4119084F3E0015E355 /* Explosion.m */; };
		29E95C45190853330015E355 /* MyParticle.sks in Resources */ = {isa = PBXBuildFile; fileRef = 29E95C43190853330015E355 /* MyParticle.sks */; };
		29E95C46190853330015E355 /* bokeh.png in Resources */ = {isa = PBXBuildFile; fileRef = 29E95C44190853330015E355 /* bokeh.png */; };
		C032DFC61911594900DF19CF /* jelly2.png in Resources */ = {isa = PBXBuildFile; fileRef = C032DFC51911594900DF19CF /* jelly2.png */; };
		C032DFCB19115AEA00DF19CF /* tiro10.png in Resources */ = {isa = PBXBuildFile; fileRef = C032DFC819115AEA00DF19CF /* tiro10.png */; };
		C032DFCC19115AEA00DF19CF /* tiro20.png in Resources */ = {isa = PBXBuildFile; fileRef = C032DFC919115AEA00DF19CF /* tiro20.png */; };
		C032DFCD19115AEA00DF19CF /* tiro30.png in Resources */ = {isa = PBXBuildFile; fileRef = C032DFCA19115AEA00DF19CF /* tiro30.png */; };
		F621A56D19C36E3400A44553 /* InitialMenu.m in Sources */ = {isa = PBXBuildFile; fileRef = F621A56B19C36E3400A44553 /* InitialMenu.m */; };
		F621A56F19C372C100A44553 /* space grande.jpg in Resources */ = {isa = PBXBuildFile; fileRef = F621A56E19C372C100A44553 /* space grande.jpg */; };
		F63A626E19C368DE0047E8B8 /* space.jpg in Resources */ = {isa = PBXBuildFile; fileRef = F63A626D19C368DE0047E8B8 /* space.jpg */; };
		F6F4D38F19C3911C00B29FC8 /* Background tela inicial.jpg in Resources */ = {isa = PBXBuildFile; fileRef = F6F4D38E19C3911C00B29FC8 /* Background tela inicial.jpg */; };
/* End PBXBuildFile section */

/* Begin PBXContainerItemProxy section */
		291CBA8019082D5D001F6D32 /* PBXContainerItemProxy */ = {
			isa = PBXContainerItemProxy;
			containerPortal = 291CBA4B19082D5D001F6D32 /* Project object */;
			proxyType = 1;
			remoteGlobalIDString = 291CBA5219082D5D001F6D32;
			remoteInfo = SpaceTut;
		};
/* End PBXContainerItemProxy section */

/* Begin PBXFileReference section */
		291CBA5319082D5D001F6D32 /* SpaceTut.app */ = {isa = PBXFileReference; explicitFileType = wrapper.application; includeInIndex = 0; path = SpaceTut.app; sourceTree = BUILT_PRODUCTS_DIR; };
		291CBA5619082D5D001F6D32 /* Foundation.framework */ = {isa = PBXFileReference; lastKnownFileType = wrapper.framework; name = Foundation.framework; path = System/Library/Frameworks/Foundation.framework; sourceTree = SDKROOT; };
		291CBA5819082D5D001F6D32 /* CoreGraphics.framework */ = {isa = PBXFileReference; lastKnownFileType = wrapper.framework; name = CoreGraphics.framework; path = System/Library/Frameworks/CoreGraphics.framework; sourceTree = SDKROOT; };
		291CBA5A19082D5D001F6D32 /* UIKit.framework */ = {isa = PBXFileReference; lastKnownFileType = wrapper.framework; name = UIKit.framework; path = System/Library/Frameworks/UIKit.framework; sourceTree = SDKROOT; };
		291CBA5C19082D5D001F6D32 /* SpriteKit.framework */ = {isa = PBXFileReference; lastKnownFileType = wrapper.framework; name = SpriteKit.framework; path = System/Library/Frameworks/SpriteKit.framework; sourceTree = SDKROOT; };
		291CBA6019082D5D001F6D32 /* SpaceTut-Info.plist */ = {isa = PBXFileReference; lastKnownFileType = text.plist.xml; path = "SpaceTut-Info.plist"; sourceTree = "<group>"; };
		291CBA6219082D5D001F6D32 /* en */ = {isa = PBXFileReference; lastKnownFileType = text.plist.strings; name = en; path = en.lproj/InfoPlist.strings; sourceTree = "<group>"; };
		291CBA6419082D5D001F6D32 /* main.m */ = {isa = PBXFileReference; lastKnownFileType = sourcecode.c.objc; path = main.m; sourceTree = "<group>"; };
		291CBA6619082D5D001F6D32 /* SpaceTut-Prefix.pch */ = {isa = PBXFileReference; lastKnownFileType = sourcecode.c.h; path = "SpaceTut-Prefix.pch"; sourceTree = "<group>"; };
		291CBA6719082D5D001F6D32 /* AppDelegate.h */ = {isa = PBXFileReference; lastKnownFileType = sourcecode.c.h; path = AppDelegate.h; sourceTree = "<group>"; };
		291CBA6819082D5D001F6D32 /* AppDelegate.m */ = {isa = PBXFileReference; lastKnownFileType = sourcecode.c.objc; path = AppDelegate.m; sourceTree = "<group>"; };
		291CBA6B19082D5D001F6D32 /* Base */ = {isa = PBXFileReference; lastKnownFileType = file.storyboard; name = Base; path = Base.lproj/Main.storyboard; sourceTree = "<group>"; };
		291CBA6D19082D5D001F6D32 /* ViewController.h */ = {isa = PBXFileReference; lastKnownFileType = sourcecode.c.h; path = ViewController.h; sourceTree = "<group>"; };
		291CBA6E19082D5D001F6D32 /* ViewController.m */ = {isa = PBXFileReference; lastKnownFileType = sourcecode.c.objc; path = ViewController.m; sourceTree = "<group>"; };
		291CBA7519082D5D001F6D32 /* Images.xcassets */ = {isa = PBXFileReference; lastKnownFileType = folder.assetcatalog; path = Images.xcassets; sourceTree = "<group>"; };
		291CBA7B19082D5D001F6D32 /* SpaceTutTests.xctest */ = {isa = PBXFileReference; explicitFileType = wrapper.cfbundle; includeInIndex = 0; path = SpaceTutTests.xctest; sourceTree = BUILT_PRODUCTS_DIR; };
		291CBA7C19082D5D001F6D32 /* XCTest.framework */ = {isa = PBXFileReference; lastKnownFileType = wrapper.framework; name = XCTest.framework; path = Library/Frameworks/XCTest.framework; sourceTree = DEVELOPER_DIR; };
		291CBA8419082D5D001F6D32 /* SpaceTutTests-Info.plist */ = {isa = PBXFileReference; lastKnownFileType = text.plist.xml; path = "SpaceTutTests-Info.plist"; sourceTree = "<group>"; };
		291CBA8619082D5D001F6D32 /* en */ = {isa = PBXFileReference; lastKnownFileType = text.plist.strings; name = en; path = en.lproj/InfoPlist.strings; sourceTree = "<group>"; };
		291CBA8819082D5D001F6D32 /* SpaceTutTests.m */ = {isa = PBXFileReference; lastKnownFileType = sourcecode.c.objc; path = SpaceTutTests.m; sourceTree = "<group>"; };
		291CBA9B19082DDC001F6D32 /* gameFloor.h */ = {isa = PBXFileReference; fileEncoding = 4; lastKnownFileType = sourcecode.c.h; path = gameFloor.h; sourceTree = "<group>"; };
		291CBA9C19082DDC001F6D32 /* gameFloor.m */ = {isa = PBXFileReference; fileEncoding = 4; lastKnownFileType = sourcecode.c.objc; path = gameFloor.m; sourceTree = "<group>"; };
		291CBA9E19082DDC001F6D32 /* gameScene.h */ = {isa = PBXFileReference; fileEncoding = 4; lastKnownFileType = sourcecode.c.h; name = gameScene.h; path = Class/Models/GameScene/gameScene.h; sourceTree = "<group>"; };
		291CBA9F19082DDC001F6D32 /* gameScene.m */ = {isa = PBXFileReference; fileEncoding = 4; lastKnownFileType = sourcecode.c.objc; name = gameScene.m; path = Class/Models/GameScene/gameScene.m; sourceTree = "<group>"; };
		291CBAA419082DDC001F6D32 /* Timer.h */ = {isa = PBXFileReference; fileEncoding = 4; lastKnownFileType = sourcecode.c.h; name = Timer.h; path = Models/Timer/Timer.h; sourceTree = "<group>"; };
		291CBAA519082DDC001F6D32 /* Timer.m */ = {isa = PBXFileReference; fileEncoding = 4; lastKnownFileType = sourcecode.c.objc; name = Timer.m; path = Models/Timer/Timer.m; sourceTree = "<group>"; };
		291CBAA619082DDC001F6D32 /* Define.h */ = {isa = PBXFileReference; fileEncoding = 4; lastKnownFileType = sourcecode.c.h; name = Define.h; path = "Other Sources/Define.h"; sourceTree = "<group>"; };
		291CBAA919082DDC001F6D32 /* background.png */ = {isa = PBXFileReference; lastKnownFileType = image.png; path = background.png; sourceTree = "<group>"; };
		291CBAAA19082DDC001F6D32 /* ex.png */ = {isa = PBXFileReference; lastKnownFileType = image.png; path = ex.png; sourceTree = "<group>"; };
		291CBAAB19082DDC001F6D32 /* ex1.png */ = {isa = PBXFileReference; lastKnownFileType = image.png; path = ex1.png; sourceTree = "<group>"; };
		291CBAAC19082DDC001F6D32 /* jelly.png */ = {isa = PBXFileReference; lastKnownFileType = image.png; path = jelly.png; sourceTree = "<group>"; };
		291CBAAD19082DDC001F6D32 /* newbg1.png */ = {isa = PBXFileReference; lastKnownFileType = image.png; path = newbg1.png; sourceTree = "<group>"; };
		291CBAAE19082DDC001F6D32 /* newbg2.png */ = {isa = PBXFileReference; lastKnownFileType = image.png; path = newbg2.png; sourceTree = "<group>"; };
		291CBAAF19082DDC001F6D32 /* spark.png */ = {isa = PBXFileReference; lastKnownFileType = image.png; path = spark.png; sourceTree = "<group>"; };
		291CBAB019082DDC001F6D32 /* tiro.png */ = {isa = PBXFileReference; lastKnownFileType = image.png; path = tiro.png; sourceTree = "<group>"; };
		291CBAB219082DDC001F6D32 /* tiro1.png */ = {isa = PBXFileReference; lastKnownFileType = image.png; path = tiro1.png; sourceTree = "<group>"; };
		291CBAB319082DDC001F6D32 /* tiro2.png */ = {isa = PBXFileReference; lastKnownFileType = image.png; path = tiro2.png; sourceTree = "<group>"; };
		291CBAB419082DDC001F6D32 /* tiro3.png */ = {isa = PBXFileReference; lastKnownFileType = image.png; path = tiro3.png; sourceTree = "<group>"; };
		291CBAB519082DDC001F6D32 /* tiro4.png */ = {isa = PBXFileReference; lastKnownFileType = image.png; path = tiro4.png; sourceTree = "<group>"; };
		291CBAB619082DDC001F6D32 /* tiro5.png */ = {isa = PBXFileReference; lastKnownFileType = image.png; path = tiro5.png; sourceTree = "<group>"; };
		291CBAB719082DDC001F6D32 /* tiro6.png */ = {isa = PBXFileReference; lastKnownFileType = image.png; path = tiro6.png; sourceTree = "<group>"; };
		291CBAB819082DDC001F6D32 /* tiro7.png */ = {isa = PBXFileReference; lastKnownFileType = image.png; path = tiro7.png; sourceTree = "<group>"; };
		291CBAB919082DDC001F6D32 /* tiro8.png */ = {isa = PBXFileReference; lastKnownFileType = image.png; path = tiro8.png; sourceTree = "<group>"; };
		291CBABA19082DDC001F6D32 /* tiro9.png */ = {isa = PBXFileReference; lastKnownFileType = image.png; path = tiro9.png; sourceTree = "<group>"; };
		291CBABB19082DDC001F6D32 /* tut.png */ = {isa = PBXFileReference; lastKnownFileType = image.png; path = tut.png; sourceTree = "<group>"; };
		291CBABD19082DDC001F6D32 /* FireParticle.sks */ = {isa = PBXFileReference; lastKnownFileType = file.sks; path = FireParticle.sks; sourceTree = "<group>"; };
		291CBABE19082DDC001F6D32 /* SnowParticle.sks */ = {isa = PBXFileReference; lastKnownFileType = file.sks; path = SnowParticle.sks; sourceTree = "<group>"; };
		296E4760190988560035EC5A /* RandonRote.m */ = {isa = PBXFileReference; fileEncoding = 4; lastKnownFileType = sourcecode.c.objc; name = RandonRote.m; path = SpaceTut/Class/Models/RandonRoute/RandonRote.m; sourceTree = SOURCE_ROOT; };
		296E4761190988560035EC5A /* RandonRote.h */ = {isa = PBXFileReference; fileEncoding = 4; lastKnownFileType = sourcecode.c.h; name = RandonRote.h; path = SpaceTut/Class/Models/RandonRoute/RandonRote.h; sourceTree = SOURCE_ROOT; };
		29E6218919099807002D4D29 /* Tut.h */ = {isa = PBXFileReference; fileEncoding = 4; lastKnownFileType = sourcecode.c.h; name = Tut.h; path = Models/Tut/Tut.h; sourceTree = "<group>"; };
		29E6218A19099807002D4D29 /* Tut.m */ = {isa = PBXFileReference; fileEncoding = 4; lastKnownFileType = sourcecode.c.objc; name = Tut.m; path = Models/Tut/Tut.m; sourceTree = "<group>"; };
		29E6218C19099ED9002D4D29 /* 2.png */ = {isa = PBXFileReference; lastKnownFileType = image.png; path = 2.png; sourceTree = "<group>"; };
		29E6218F1909A3E1002D4D29 /* redfoot2.wav */ = {isa = PBXFileReference; lastKnownFileType = audio.wav; path = redfoot2.wav; sourceTree = "<group>"; };
		29E621911909A58D002D4D29 /* shot.wav */ = {isa = PBXFileReference; lastKnownFileType = audio.wav; path = shot.wav; sourceTree = "<group>"; };
		29E621931909A6E6002D4D29 /* som.wav */ = {isa = PBXFileReference; lastKnownFileType = audio.wav; path = som.wav; sourceTree = "<group>"; };
		29E621951909AADE002D4D29 /* ex2.png */ = {isa = PBXFileReference; lastKnownFileType = image.png; path = ex2.png; sourceTree = "<group>"; };
		29E621981909ABD4002D4D29 /* Player.h */ = {isa = PBXFileReference; fileEncoding = 4; lastKnownFileType = sourcecode.c.h; name = Player.h; path = Models/Player/Player.h; sourceTree = "<group>"; };
		29E621991909ABD4002D4D29 /* Player.m */ = {isa = PBXFileReference; fileEncoding = 4; lastKnownFileType = sourcecode.c.objc; name = Player.m; path = Models/Player/Player.m; sourceTree = "<group>"; };
		29E6219C1909AE3F002D4D29 /* MenuScene.h */ = {isa = PBXFileReference; fileEncoding = 4; lastKnownFileType = sourcecode.c.h; name = MenuScene.h; path = Class/Models/MenuScene/MenuScene.h; sourceTree = "<group>"; };
		29E6219D1909AE3F002D4D29 /* MenuScene.m */ = {isa = PBXFileReference; fileEncoding = 4; lastKnownFileType = sourcecode.c.objc; name = MenuScene.m; path = Class/Models/MenuScene/MenuScene.m; sourceTree = "<group>"; };
		29E95C191908375D0015E355 /* Colision.h */ = {isa = PBXFileReference; fileEncoding = 4; lastKnownFileType = sourcecode.c.h; name = Colision.h; path = Models/Colision/Colision.h; sourceTree = "<group>"; };
		29E95C1A1908375D0015E355 /* Colision.m */ = {isa = PBXFileReference; fileEncoding = 4; lastKnownFileType = sourcecode.c.objc; name = Colision.m; path = Models/Colision/Colision.m; sourceTree = "<group>"; };
		29E95C1D19083A070015E355 /* Enemy.h */ = {isa = PBXFileReference; fileEncoding = 4; lastKnownFileType = sourcecode.c.h; name = Enemy.h; path = Models/Enemy/Enemy.h; sourceTree = "<group>"; };
		29E95C1E19083A070015E355 /* Enemy.m */ = {isa = PBXFileReference; fileEncoding = 4; lastKnownFileType = sourcecode.c.objc; name = Enemy.m; path = Models/Enemy/Enemy.m; sourceTree = "<group>"; };
		29E95C3B19083DE00015E355 /* Shot.h */ = {isa = PBXFileReference; fileEncoding = 4; lastKnownFileType = sourcecode.c.h; name = Shot.h; path = Models/Shot/Shot.h; sourceTree = "<group>"; };
		29E95C3C19083DE00015E355 /* Shot.m */ = {isa = PBXFileReference; fileEncoding = 4; lastKnownFileType = sourcecode.c.objc; name = Shot.m; path = Models/Shot/Shot.m; sourceTree = "<group>"; };
		29E95C4019084F3E0015E355 /* Explosion.h */ = {isa = PBXFileReference; fileEncoding = 4; lastKnownFileType = sourcecode.c.h; name = Explosion.h; path = Models/Explosion/Explosion.h; sourceTree = "<group>"; };
		29E95C4119084F3E0015E355 /* Explosion.m */ = {isa = PBXFileReference; fileEncoding = 4; lastKnownFileType = sourcecode.c.objc; name = Explosion.m; path = Models/Explosion/Explosion.m; sourceTree = "<group>"; };
		29E95C43190853330015E355 /* MyParticle.sks */ = {isa = PBXFileReference; lastKnownFileType = file.sks; path = MyParticle.sks; sourceTree = "<group>"; };
		29E95C44190853330015E355 /* bokeh.png */ = {isa = PBXFileReference; lastKnownFileType = image.png; path = bokeh.png; sourceTree = "<group>"; };
		C032DFC51911594900DF19CF /* jelly2.png */ = {isa = PBXFileReference; lastKnownFileType = image.png; path = jelly2.png; sourceTree = "<group>"; };
		C032DFC819115AEA00DF19CF /* tiro10.png */ = {isa = PBXFileReference; lastKnownFileType = image.png; path = tiro10.png; sourceTree = "<group>"; };
		C032DFC919115AEA00DF19CF /* tiro20.png */ = {isa = PBXFileReference; lastKnownFileType = image.png; path = tiro20.png; sourceTree = "<group>"; };
		C032DFCA19115AEA00DF19CF /* tiro30.png */ = {isa = PBXFileReference; lastKnownFileType = image.png; path = tiro30.png; sourceTree = "<group>"; };
		F621A56B19C36E3400A44553 /* InitialMenu.m */ = {isa = PBXFileReference; fileEncoding = 4; lastKnownFileType = sourcecode.c.objc; path = InitialMenu.m; sourceTree = "<group>"; };
		F621A56C19C36E3400A44553 /* InitialMenu.h */ = {isa = PBXFileReference; fileEncoding = 4; lastKnownFileType = sourcecode.c.h; path = InitialMenu.h; sourceTree = "<group>"; };
		F621A56E19C372C100A44553 /* space grande.jpg */ = {isa = PBXFileReference; lastKnownFileType = image.jpeg; path = "space grande.jpg"; sourceTree = "<group>"; };
		F63A626D19C368DE0047E8B8 /* space.jpg */ = {isa = PBXFileReference; lastKnownFileType = image.jpeg; path = space.jpg; sourceTree = "<group>"; };
		F6F4D38E19C3911C00B29FC8 /* Background tela inicial.jpg */ = {isa = PBXFileReference; lastKnownFileType = image.jpeg; path = "Background tela inicial.jpg"; sourceTree = "<group>"; };
/* End PBXFileReference section */

/* Begin PBXFrameworksBuildPhase section */
		291CBA5019082D5D001F6D32 /* Frameworks */ = {
			isa = PBXFrameworksBuildPhase;
			buildActionMask = 2147483647;
			files = (
				291CBA5919082D5D001F6D32 /* CoreGraphics.framework in Frameworks */,
				291CBA5B19082D5D001F6D32 /* UIKit.framework in Frameworks */,
				291CBA5D19082D5D001F6D32 /* SpriteKit.framework in Frameworks */,
				291CBA5719082D5D001F6D32 /* Foundation.framework in Frameworks */,
			);
			runOnlyForDeploymentPostprocessing = 0;
		};
		291CBA7819082D5D001F6D32 /* Frameworks */ = {
			isa = PBXFrameworksBuildPhase;
			buildActionMask = 2147483647;
			files = (
				291CBA7D19082D5D001F6D32 /* XCTest.framework in Frameworks */,
				291CBA7F19082D5D001F6D32 /* UIKit.framework in Frameworks */,
				291CBA7E19082D5D001F6D32 /* Foundation.framework in Frameworks */,
			);
			runOnlyForDeploymentPostprocessing = 0;
		};
/* End PBXFrameworksBuildPhase section */

/* Begin PBXGroup section */
		291CBA4A19082D5D001F6D32 = {
			isa = PBXGroup;
			children = (
				291CBA5E19082D5D001F6D32 /* SpaceTut */,
				291CBA8219082D5D001F6D32 /* SpaceTutTests */,
				291CBA5519082D5D001F6D32 /* Frameworks */,
				291CBA5419082D5D001F6D32 /* Products */,
			);
			sourceTree = "<group>";
		};
		291CBA5419082D5D001F6D32 /* Products */ = {
			isa = PBXGroup;
			children = (
				291CBA5319082D5D001F6D32 /* SpaceTut.app */,
				291CBA7B19082D5D001F6D32 /* SpaceTutTests.xctest */,
			);
			name = Products;
			sourceTree = "<group>";
		};
		291CBA5519082D5D001F6D32 /* Frameworks */ = {
			isa = PBXGroup;
			children = (
				291CBA5619082D5D001F6D32 /* Foundation.framework */,
				291CBA5819082D5D001F6D32 /* CoreGraphics.framework */,
				291CBA5A19082D5D001F6D32 /* UIKit.framework */,
				291CBA5C19082D5D001F6D32 /* SpriteKit.framework */,
				291CBA7C19082D5D001F6D32 /* XCTest.framework */,
			);
			name = Frameworks;
			sourceTree = "<group>";
		};
		291CBA5E19082D5D001F6D32 /* SpaceTut */ = {
			isa = PBXGroup;
			children = (
				291CBAA719082DDC001F6D32 /* Resources */,
				291CBA9A19082DDC001F6D32 /* GameFloor */,
				291CBAA619082DDC001F6D32 /* Define.h */,
				291CBA6719082D5D001F6D32 /* AppDelegate.h */,
				291CBA6819082D5D001F6D32 /* AppDelegate.m */,
				291CBA6A19082D5D001F6D32 /* Main.storyboard */,
				291CBA6D19082D5D001F6D32 /* ViewController.h */,
				291CBA6E19082D5D001F6D32 /* ViewController.m */,
				F621A56C19C36E3400A44553 /* InitialMenu.h */,
				F621A56B19C36E3400A44553 /* InitialMenu.m */,
				29E6219C1909AE3F002D4D29 /* MenuScene.h */,
				29E6219D1909AE3F002D4D29 /* MenuScene.m */,
				291CBA9E19082DDC001F6D32 /* gameScene.h */,
				291CBA9F19082DDC001F6D32 /* gameScene.m */,
				291CBA7519082D5D001F6D32 /* Images.xcassets */,
				291CBA9219082DDC001F6D32 /* Class */,
				291CBA5F19082D5D001F6D32 /* Supporting Files */,
			);
			path = SpaceTut;
			sourceTree = "<group>";
		};
		291CBA5F19082D5D001F6D32 /* Supporting Files */ = {
			isa = PBXGroup;
			children = (
				291CBA6019082D5D001F6D32 /* SpaceTut-Info.plist */,
				291CBA6119082D5D001F6D32 /* InfoPlist.strings */,
				291CBA6419082D5D001F6D32 /* main.m */,
				291CBA6619082D5D001F6D32 /* SpaceTut-Prefix.pch */,
			);
			name = "Supporting Files";
			sourceTree = "<group>";
		};
		291CBA8219082D5D001F6D32 /* SpaceTutTests */ = {
			isa = PBXGroup;
			children = (
				291CBA8819082D5D001F6D32 /* SpaceTutTests.m */,
				291CBA8319082D5D001F6D32 /* Supporting Files */,
			);
			path = SpaceTutTests;
			sourceTree = "<group>";
		};
		291CBA8319082D5D001F6D32 /* Supporting Files */ = {
			isa = PBXGroup;
			children = (
				291CBA8419082D5D001F6D32 /* SpaceTutTests-Info.plist */,
				291CBA8519082D5D001F6D32 /* InfoPlist.strings */,
			);
			name = "Supporting Files";
			sourceTree = "<group>";
		};
		291CBA9219082DDC001F6D32 /* Class */ = {
			isa = PBXGroup;
			children = (
				29E621981909ABD4002D4D29 /* Player.h */,
				29E621991909ABD4002D4D29 /* Player.m */,
				29E6218919099807002D4D29 /* Tut.h */,
				29E6218A19099807002D4D29 /* Tut.m */,
				296E4761190988560035EC5A /* RandonRote.h */,
				296E4760190988560035EC5A /* RandonRote.m */,
				29E95C4019084F3E0015E355 /* Explosion.h */,
				29E95C4119084F3E0015E355 /* Explosion.m */,
				29E95C3B19083DE00015E355 /* Shot.h */,
				29E95C3C19083DE00015E355 /* Shot.m */,
				29E95C1D19083A070015E355 /* Enemy.h */,
				29E95C1E19083A070015E355 /* Enemy.m */,
				29E95C191908375D0015E355 /* Colision.h */,
				29E95C1A1908375D0015E355 /* Colision.m */,
				291CBAA419082DDC001F6D32 /* Timer.h */,
				291CBAA519082DDC001F6D32 /* Timer.m */,
			);
			path = Class;
			sourceTree = "<group>";
		};
		291CBA9A19082DDC001F6D32 /* GameFloor */ = {
			isa = PBXGroup;
			children = (
				291CBA9B19082DDC001F6D32 /* gameFloor.h */,
				291CBA9C19082DDC001F6D32 /* gameFloor.m */,
			);
			name = GameFloor;
			path = Class/Models/GameFloor;
			sourceTree = "<group>";
		};
		291CBAA719082DDC001F6D32 /* Resources */ = {
			isa = PBXGroup;
			children = (
				29E6218E1909A3E1002D4D29 /* Sound */,
				291CBAA819082DDC001F6D32 /* Images */,
				291CBABC19082DDC001F6D32 /* Particles */,
			);
			path = Resources;
			sourceTree = "<group>";
		};
		291CBAA819082DDC001F6D32 /* Images */ = {
			isa = PBXGroup;
			children = (
				F6F4D38E19C3911C00B29FC8 /* Background tela inicial.jpg */,
				F63A626D19C368DE0047E8B8 /* space.jpg */,
				C032DFC719115AEA00DF19CF /* tiros2 */,
				C032DFC51911594900DF19CF /* jelly2.png */,
				29E621951909AADE002D4D29 /* ex2.png */,
				29E6218C19099ED9002D4D29 /* 2.png */,
				291CBAA919082DDC001F6D32 /* background.png */,
				F621A56E19C372C100A44553 /* space grande.jpg */,
				291CBAAA19082DDC001F6D32 /* ex.png */,
				291CBAAB19082DDC001F6D32 /* ex1.png */,
				291CBAAC19082DDC001F6D32 /* jelly.png */,
				291CBAAD19082DDC001F6D32 /* newbg1.png */,
				291CBAAE19082DDC001F6D32 /* newbg2.png */,
				291CBAAF19082DDC001F6D32 /* spark.png */,
				291CBAB019082DDC001F6D32 /* tiro.png */,
				291CBAB119082DDC001F6D32 /* tiros */,
				291CBABB19082DDC001F6D32 /* tut.png */,
			);
			path = Images;
			sourceTree = "<group>";
		};
		291CBAB119082DDC001F6D32 /* tiros */ = {
			isa = PBXGroup;
			children = (
				291CBAB219082DDC001F6D32 /* tiro1.png */,
				291CBAB319082DDC001F6D32 /* tiro2.png */,
				291CBAB419082DDC001F6D32 /* tiro3.png */,
				291CBAB519082DDC001F6D32 /* tiro4.png */,
				291CBAB619082DDC001F6D32 /* tiro5.png */,
				291CBAB719082DDC001F6D32 /* tiro6.png */,
				291CBAB819082DDC001F6D32 /* tiro7.png */,
				291CBAB919082DDC001F6D32 /* tiro8.png */,
				291CBABA19082DDC001F6D32 /* tiro9.png */,
			);
			path = tiros;
			sourceTree = "<group>";
		};
		291CBABC19082DDC001F6D32 /* Particles */ = {
			isa = PBXGroup;
			children = (
				291CBABD19082DDC001F6D32 /* FireParticle.sks */,
				291CBABE19082DDC001F6D32 /* SnowParticle.sks */,
				29E95C43190853330015E355 /* MyParticle.sks */,
				29E95C44190853330015E355 /* bokeh.png */,
			);
			path = Particles;
			sourceTree = "<group>";
		};
		29E6218E1909A3E1002D4D29 /* Sound */ = {
			isa = PBXGroup;
			children = (
				29E621931909A6E6002D4D29 /* som.wav */,
				29E621911909A58D002D4D29 /* shot.wav */,
				29E6218F1909A3E1002D4D29 /* redfoot2.wav */,
			);
			path = Sound;
			sourceTree = "<group>";
		};
		C032DFC719115AEA00DF19CF /* tiros2 */ = {
			isa = PBXGroup;
			children = (
				C032DFC819115AEA00DF19CF /* tiro10.png */,
				C032DFC919115AEA00DF19CF /* tiro20.png */,
				C032DFCA19115AEA00DF19CF /* tiro30.png */,
			);
			path = tiros2;
			sourceTree = "<group>";
		};
/* End PBXGroup section */

/* Begin PBXNativeTarget section */
		291CBA5219082D5D001F6D32 /* SpaceTut */ = {
			isa = PBXNativeTarget;
			buildConfigurationList = 291CBA8C19082D5D001F6D32 /* Build configuration list for PBXNativeTarget "SpaceTut" */;
			buildPhases = (
				291CBA4F19082D5D001F6D32 /* Sources */,
				291CBA5019082D5D001F6D32 /* Frameworks */,
				291CBA5119082D5D001F6D32 /* Resources */,
			);
			buildRules = (
			);
			dependencies = (
			);
			name = SpaceTut;
			productName = SpaceTut;
			productReference = 291CBA5319082D5D001F6D32 /* SpaceTut.app */;
			productType = "com.apple.product-type.application";
		};
		291CBA7A19082D5D001F6D32 /* SpaceTutTests */ = {
			isa = PBXNativeTarget;
			buildConfigurationList = 291CBA8F19082D5D001F6D32 /* Build configuration list for PBXNativeTarget "SpaceTutTests" */;
			buildPhases = (
				291CBA7719082D5D001F6D32 /* Sources */,
				291CBA7819082D5D001F6D32 /* Frameworks */,
				291CBA7919082D5D001F6D32 /* Resources */,
			);
			buildRules = (
			);
			dependencies = (
				291CBA8119082D5D001F6D32 /* PBXTargetDependency */,
			);
			name = SpaceTutTests;
			productName = SpaceTutTests;
			productReference = 291CBA7B19082D5D001F6D32 /* SpaceTutTests.xctest */;
			productType = "com.apple.product-type.bundle.unit-test";
		};
/* End PBXNativeTarget section */

/* Begin PBXProject section */
		291CBA4B19082D5D001F6D32 /* Project object */ = {
			isa = PBXProject;
			attributes = {
				LastUpgradeCheck = 0920;
				ORGANIZATIONNAME = ios;
				TargetAttributes = {
					291CBA5219082D5D001F6D32 = {
						DevelopmentTeam = 54JDK55DR5;
						ProvisioningStyle = Automatic;
					};
					291CBA7A19082D5D001F6D32 = {
						TestTargetID = 291CBA5219082D5D001F6D32;
					};
				};
			};
			buildConfigurationList = 291CBA4E19082D5D001F6D32 /* Build configuration list for PBXProject "SpaceTut" */;
			compatibilityVersion = "Xcode 3.2";
			developmentRegion = English;
			hasScannedForEncodings = 0;
			knownRegions = (
				en,
				Base,
			);
			mainGroup = 291CBA4A19082D5D001F6D32;
			productRefGroup = 291CBA5419082D5D001F6D32 /* Products */;
			projectDirPath = "";
			projectRoot = "";
			targets = (
				291CBA5219082D5D001F6D32 /* SpaceTut */,
				291CBA7A19082D5D001F6D32 /* SpaceTutTests */,
			);
		};
/* End PBXProject section */

/* Begin PBXResourcesBuildPhase section */
		291CBA5119082D5D001F6D32 /* Resources */ = {
			isa = PBXResourcesBuildPhase;
			buildActionMask = 2147483647;
			files = (
				291CBACB19082DDC001F6D32 /* spark.png in Resources */,
				291CBAD619082DDC001F6D32 /* tut.png in Resources */,
				291CBACA19082DDC001F6D32 /* newbg2.png in Resources */,
				291CBAC619082DDC001F6D32 /* ex.png in Resources */,
				291CBAD319082DDC001F6D32 /* tiro7.png in Resources */,
				291CBA6319082D5D001F6D32 /* InfoPlist.strings in Resources */,
				291CBAD119082DDC001F6D32 /* tiro5.png in Resources */,
				29E95C46190853330015E355 /* bokeh.png in Resources */,
				291CBAC519082DDC001F6D32 /* background.png in Resources */,
				29E621901909A3E1002D4D29 /* redfoot2.wav in Resources */,
				291CBACC19082DDC001F6D32 /* tiro.png in Resources */,
				291CBAD519082DDC001F6D32 /* tiro9.png in Resources */,
				291CBAD819082DDC001F6D32 /* SnowParticle.sks in Resources */,
				291CBA7619082D5D001F6D32 /* Images.xcassets in Resources */,
				291CBAD719082DDC001F6D32 /* FireParticle.sks in Resources */,
				C032DFC61911594900DF19CF /* jelly2.png in Resources */,
				F621A56F19C372C100A44553 /* space grande.jpg in Resources */,
				291CBAD219082DDC001F6D32 /* tiro6.png in Resources */,
				29E6218D19099ED9002D4D29 /* 2.png in Resources */,
				29E621921909A58D002D4D29 /* shot.wav in Resources */,
				C032DFCD19115AEA00DF19CF /* tiro30.png in Resources */,
				29E621941909A6E6002D4D29 /* som.wav in Resources */,
				291CBAC919082DDC001F6D32 /* newbg1.png in Resources */,
				291CBACE19082DDC001F6D32 /* tiro2.png in Resources */,
				291CBAC819082DDC001F6D32 /* jelly.png in Resources */,
				29E621961909AADE002D4D29 /* ex2.png in Resources */,
				291CBAD419082DDC001F6D32 /* tiro8.png in Resources */,
				C032DFCB19115AEA00DF19CF /* tiro10.png in Resources */,
				F63A626E19C368DE0047E8B8 /* space.jpg in Resources */,
				F6F4D38F19C3911C00B29FC8 /* Background tela inicial.jpg in Resources */,
				291CBAC719082DDC001F6D32 /* ex1.png in Resources */,
				291CBA6C19082D5D001F6D32 /* Main.storyboard in Resources */,
				291CBACD19082DDC001F6D32 /* tiro1.png in Resources */,
				C032DFCC19115AEA00DF19CF /* tiro20.png in Resources */,
				291CBAD019082DDC001F6D32 /* tiro4.png in Resources */,
				291CBACF19082DDC001F6D32 /* tiro3.png in Resources */,
				29E95C45190853330015E355 /* MyParticle.sks in Resources */,
			);
			runOnlyForDeploymentPostprocessing = 0;
		};
		291CBA7919082D5D001F6D32 /* Resources */ = {
			isa = PBXResourcesBuildPhase;
			buildActionMask = 2147483647;
			files = (
				291CBA8719082D5D001F6D32 /* InfoPlist.strings in Resources */,
			);
			runOnlyForDeploymentPostprocessing = 0;
		};
/* End PBXResourcesBuildPhase section */

/* Begin PBXSourcesBuildPhase section */
		291CBA4F19082D5D001F6D32 /* Sources */ = {
			isa = PBXSourcesBuildPhase;
			buildActionMask = 2147483647;
			files = (
				29E95C1F19083A070015E355 /* Enemy.m in Sources */,
				291CBA6F19082D5D001F6D32 /* ViewController.m in Sources */,
				291CBA6919082D5D001F6D32 /* AppDelegate.m in Sources */,
				29E6219E1909AE3F002D4D29 /* MenuScene.m in Sources */,
				29E6219A1909ABD4002D4D29 /* Player.m in Sources */,
				291CBA6519082D5D001F6D32 /* main.m in Sources */,
				29E95C4219084F3E0015E355 /* Explosion.m in Sources */,
				291CBAC419082DDC001F6D32 /* Timer.m in Sources */,
				29E95C3D19083DE00015E355 /* Shot.m in Sources */,
				29E95C1B1908375D0015E355 /* Colision.m in Sources */,
				291CBAC219082DDC001F6D32 /* gameScene.m in Sources */,
				29E6218B19099807002D4D29 /* Tut.m in Sources */,
				291CBAC119082DDC001F6D32 /* gameFloor.m in Sources */,
				296E4762190988560035EC5A /* RandonRote.m in Sources */,
				F621A56D19C36E3400A44553 /* InitialMenu.m in Sources */,
			);
			runOnlyForDeploymentPostprocessing = 0;
		};
		291CBA7719082D5D001F6D32 /* Sources */ = {
			isa = PBXSourcesBuildPhase;
			buildActionMask = 2147483647;
			files = (
				291CBA8919082D5D001F6D32 /* SpaceTutTests.m in Sources */,
			);
			runOnlyForDeploymentPostprocessing = 0;
		};
/* End PBXSourcesBuildPhase section */

/* Begin PBXTargetDependency section */
		291CBA8119082D5D001F6D32 /* PBXTargetDependency */ = {
			isa = PBXTargetDependency;
			target = 291CBA5219082D5D001F6D32 /* SpaceTut */;
			targetProxy = 291CBA8019082D5D001F6D32 /* PBXContainerItemProxy */;
		};
/* End PBXTargetDependency section */

/* Begin PBXVariantGroup section */
		291CBA6119082D5D001F6D32 /* InfoPlist.strings */ = {
			isa = PBXVariantGroup;
			children = (
				291CBA6219082D5D001F6D32 /* en */,
			);
			name = InfoPlist.strings;
			sourceTree = "<group>";
		};
		291CBA6A19082D5D001F6D32 /* Main.storyboard */ = {
			isa = PBXVariantGroup;
			children = (
				291CBA6B19082D5D001F6D32 /* Base */,
			);
			name = Main.storyboard;
			sourceTree = "<group>";
		};
		291CBA8519082D5D001F6D32 /* InfoPlist.strings */ = {
			isa = PBXVariantGroup;
			children = (
				291CBA8619082D5D001F6D32 /* en */,
			);
			name = InfoPlist.strings;
			sourceTree = "<group>";
		};
/* End PBXVariantGroup section */

/* Begin XCBuildConfiguration section */
		291CBA8A19082D5D001F6D32 /* Debug */ = {
			isa = XCBuildConfiguration;
			buildSettings = {
				ALWAYS_SEARCH_USER_PATHS = NO;
				CLANG_CXX_LANGUAGE_STANDARD = "gnu++0x";
				CLANG_CXX_LIBRARY = "libc++";
				CLANG_ENABLE_MODULES = YES;
				CLANG_ENABLE_OBJC_ARC = YES;
				CLANG_WARN_BLOCK_CAPTURE_AUTORELEASING = YES;
				CLANG_WARN_BOOL_CONVERSION = YES;
				CLANG_WARN_COMMA = YES;
				CLANG_WARN_CONSTANT_CONVERSION = YES;
				CLANG_WARN_DIRECT_OBJC_ISA_USAGE = YES_ERROR;
				CLANG_WARN_EMPTY_BODY = YES;
				CLANG_WARN_ENUM_CONVERSION = YES;
				CLANG_WARN_INFINITE_RECURSION = YES;
				CLANG_WARN_INT_CONVERSION = YES;
				CLANG_WARN_NON_LITERAL_NULL_CONVERSION = YES;
				CLANG_WARN_OBJC_LITERAL_CONVERSION = YES;
				CLANG_WARN_OBJC_ROOT_CLASS = YES_ERROR;
				CLANG_WARN_RANGE_LOOP_ANALYSIS = YES;
				CLANG_WARN_STRICT_PROTOTYPES = YES;
				CLANG_WARN_SUSPICIOUS_MOVE = YES;
				CLANG_WARN_UNREACHABLE_CODE = YES;
				CLANG_WARN__DUPLICATE_METHOD_MATCH = YES;
				CODE_SIGN_IDENTITY = "iPhone Distribution: EZEQUIEL SANTOS (54JDK55DR5)";
				"CODE_SIGN_IDENTITY[sdk=iphoneos*]" = "iPhone Distribution: EZEQUIEL SANTOS (54JDK55DR5)";
				COPY_PHASE_STRIP = NO;
				ENABLE_STRICT_OBJC_MSGSEND = YES;
				ENABLE_TESTABILITY = YES;
				GCC_C_LANGUAGE_STANDARD = gnu99;
				GCC_DYNAMIC_NO_PIC = NO;
				GCC_NO_COMMON_BLOCKS = YES;
				GCC_OPTIMIZATION_LEVEL = 0;
				GCC_PREPROCESSOR_DEFINITIONS = (
					"DEBUG=1",
					"$(inherited)",
				);
				GCC_SYMBOLS_PRIVATE_EXTERN = NO;
				GCC_WARN_64_TO_32_BIT_CONVERSION = YES;
				GCC_WARN_ABOUT_RETURN_TYPE = YES_ERROR;
				GCC_WARN_UNDECLARED_SELECTOR = YES;
				GCC_WARN_UNINITIALIZED_AUTOS = YES_AGGRESSIVE;
				GCC_WARN_UNUSED_FUNCTION = YES;
				GCC_WARN_UNUSED_VARIABLE = YES;
				IPHONEOS_DEPLOYMENT_TARGET = 8.0;
				ONLY_ACTIVE_ARCH = YES;
				PROVISIONING_PROFILE = "fc76eaea-e457-4c40-a526-3493afd9452f";
				SDKROOT = iphoneos;
			};
			name = Debug;
		};
		291CBA8B19082D5D001F6D32 /* Release */ = {
			isa = XCBuildConfiguration;
			buildSettings = {
				ALWAYS_SEARCH_USER_PATHS = NO;
				CLANG_CXX_LANGUAGE_STANDARD = "gnu++0x";
				CLANG_CXX_LIBRARY = "libc++";
				CLANG_ENABLE_MODULES = YES;
				CLANG_ENABLE_OBJC_ARC = YES;
				CLANG_WARN_BLOCK_CAPTURE_AUTORELEASING = YES;
				CLANG_WARN_BOOL_CONVERSION = YES;
				CLANG_WARN_COMMA = YES;
				CLANG_WARN_CONSTANT_CONVERSION = YES;
				CLANG_WARN_DIRECT_OBJC_ISA_USAGE = YES_ERROR;
				CLANG_WARN_EMPTY_BODY = YES;
				CLANG_WARN_ENUM_CONVERSION = YES;
				CLANG_WARN_INFINITE_RECURSION = YES;
				CLANG_WARN_INT_CONVERSION = YES;
				CLANG_WARN_NON_LITERAL_NULL_CONVERSION = YES;
				CLANG_WARN_OBJC_LITERAL_CONVERSION = YES;
				CLANG_WARN_OBJC_ROOT_CLASS = YES_ERROR;
				CLANG_WARN_RANGE_LOOP_ANALYSIS = YES;
				CLANG_WARN_STRICT_PROTOTYPES = YES;
				CLANG_WARN_SUSPICIOUS_MOVE = YES;
				CLANG_WARN_UNREACHABLE_CODE = YES;
				CLANG_WARN__DUPLICATE_METHOD_MATCH = YES;
				CODE_SIGN_IDENTITY = "iPhone Distribution: EZEQUIEL SANTOS (54JDK55DR5)";
				"CODE_SIGN_IDENTITY[sdk=iphoneos*]" = "iPhone Distribution: EZEQUIEL SANTOS (54JDK55DR5)";
				COPY_PHASE_STRIP = YES;
				ENABLE_NS_ASSERTIONS = NO;
				ENABLE_STRICT_OBJC_MSGSEND = YES;
				GCC_C_LANGUAGE_STANDARD = gnu99;
				GCC_NO_COMMON_BLOCKS = YES;
				GCC_WARN_64_TO_32_BIT_CONVERSION = YES;
				GCC_WARN_ABOUT_RETURN_TYPE = YES_ERROR;
				GCC_WARN_UNDECLARED_SELECTOR = YES;
				GCC_WARN_UNINITIALIZED_AUTOS = YES_AGGRESSIVE;
				GCC_WARN_UNUSED_FUNCTION = YES;
				GCC_WARN_UNUSED_VARIABLE = YES;
				IPHONEOS_DEPLOYMENT_TARGET = 8.0;
				PROVISIONING_PROFILE = "fc76eaea-e457-4c40-a526-3493afd9452f";
				SDKROOT = iphoneos;
				VALIDATE_PRODUCT = YES;
			};
			name = Release;
		};
		291CBA8D19082D5D001F6D32 /* Debug */ = {
			isa = XCBuildConfiguration;
			buildSettings = {
				ASSETCATALOG_COMPILER_APPICON_NAME = AppIcon;
				ASSETCATALOG_COMPILER_LAUNCHIMAGE_NAME = LaunchImage;
				CODE_SIGN_IDENTITY = "";
				"CODE_SIGN_IDENTITY[sdk=iphoneos*]" = "iPhone Developer";
				CODE_SIGN_STYLE = Automatic;
				DEVELOPMENT_TEAM = 54JDK55DR5;
				GCC_PRECOMPILE_PREFIX_HEADER = YES;
				GCC_PREFIX_HEADER = "SpaceTut/SpaceTut-Prefix.pch";
				INFOPLIST_FILE = "SpaceTut/SpaceTut-Info.plist";
				IPHONEOS_DEPLOYMENT_TARGET = 8.0;
				PRODUCT_BUNDLE_IDENTIFIER = "ios.${PRODUCT_NAME:rfc1034identifier}";
				PRODUCT_NAME = "$(TARGET_NAME)";
				PROVISIONING_PROFILE = "";
				PROVISIONING_PROFILE_SPECIFIER = "";
				SPRITEKIT_TEXTURE_ATLAS_OUTPUT = YES;
				WRAPPER_EXTENSION = app;
			};
			name = Debug;
		};
		291CBA8E19082D5D001F6D32 /* Release */ = {
			isa = XCBuildConfiguration;
			buildSettings = {
				ASSETCATALOG_COMPILER_APPICON_NAME = AppIcon;
				ASSETCATALOG_COMPILER_LAUNCHIMAGE_NAME = LaunchImage;
				CODE_SIGN_IDENTITY = "";
				"CODE_SIGN_IDENTITY[sdk=iphoneos*]" = "iPhone Developer";
				CODE_SIGN_STYLE = Automatic;
				DEVELOPMENT_TEAM = 54JDK55DR5;
				GCC_PRECOMPILE_PREFIX_HEADER = YES;
				GCC_PREFIX_HEADER = "SpaceTut/SpaceTut-Prefix.pch";
				INFOPLIST_FILE = "SpaceTut/SpaceTut-Info.plist";
				IPHONEOS_DEPLOYMENT_TARGET = 8.0;
				PRODUCT_BUNDLE_IDENTIFIER = "ios.${PRODUCT_NAME:rfc1034identifier}";
				PRODUCT_NAME = "$(TARGET_NAME)";
				PROVISIONING_PROFILE = "";
				PROVISIONING_PROFILE_SPECIFIER = "";
				SPRITEKIT_TEXTURE_ATLAS_OUTPUT = YES;
				WRAPPER_EXTENSION = app;
			};
			name = Release;
		};
		291CBA9019082D5D001F6D32 /* Debug */ = {
			isa = XCBuildConfiguration;
			buildSettings = {
				BUNDLE_LOADER = "$(BUILT_PRODUCTS_DIR)/SpaceTut.app/SpaceTut";
				FRAMEWORK_SEARCH_PATHS = (
					"$(SDKROOT)/Developer/Library/Frameworks",
					"$(inherited)",
					"$(DEVELOPER_FRAMEWORKS_DIR)",
				);
				GCC_PRECOMPILE_PREFIX_HEADER = YES;
				GCC_PREFIX_HEADER = "SpaceTut/SpaceTut-Prefix.pch";
				GCC_PREPROCESSOR_DEFINITIONS = (
					"DEBUG=1",
					"$(inherited)",
				);
				INFOPLIST_FILE = "SpaceTutTests/SpaceTutTests-Info.plist";
				PRODUCT_BUNDLE_IDENTIFIER = "ios.${PRODUCT_NAME:rfc1034identifier}";
				PRODUCT_NAME = "$(TARGET_NAME)";
				TEST_HOST = "$(BUNDLE_LOADER)";
				WRAPPER_EXTENSION = xctest;
			};
			name = Debug;
		};
		291CBA9119082D5D001F6D32 /* Release */ = {
			isa = XCBuildConfiguration;
			buildSettings = {
				BUNDLE_LOADER = "$(BUILT_PRODUCTS_DIR)/SpaceTut.app/SpaceTut";
				FRAMEWORK_SEARCH_PATHS = (
					"$(SDKROOT)/Developer/Library/Frameworks",
					"$(inherited)",
					"$(DEVELOPER_FRAMEWORKS_DIR)",
				);
				GCC_PRECOMPILE_PREFIX_HEADER = YES;
				GCC_PREFIX_HEADER = "SpaceTut/SpaceTut-Prefix.pch";
				INFOPLIST_FILE = "SpaceTutTests/SpaceTutTests-Info.plist";
				PRODUCT_BUNDLE_IDENTIFIER = "ios.${PRODUCT_NAME:rfc1034identifier}";
				PRODUCT_NAME = "$(TARGET_NAME)";
				TEST_HOST = "$(BUNDLE_LOADER)";
				WRAPPER_EXTENSION = xctest;
			};
			name = Release;
		};
		F7E696F719C71C5F00384BF4 /* Distribuition */ = {
			isa = XCBuildConfiguration;
			buildSettings = {
				ALWAYS_SEARCH_USER_PATHS = NO;
				CLANG_CXX_LANGUAGE_STANDARD = "gnu++0x";
				CLANG_CXX_LIBRARY = "libc++";
				CLANG_ENABLE_MODULES = YES;
				CLANG_ENABLE_OBJC_ARC = YES;
				CLANG_WARN_BLOCK_CAPTURE_AUTORELEASING = YES;
				CLANG_WARN_BOOL_CONVERSION = YES;
				CLANG_WARN_COMMA = YES;
				CLANG_WARN_CONSTANT_CONVERSION = YES;
				CLANG_WARN_DIRECT_OBJC_ISA_USAGE = YES_ERROR;
				CLANG_WARN_EMPTY_BODY = YES;
				CLANG_WARN_ENUM_CONVERSION = YES;
				CLANG_WARN_INFINITE_RECURSION = YES;
				CLANG_WARN_INT_CONVERSION = YES;
				CLANG_WARN_NON_LITERAL_NULL_CONVERSION = YES;
				CLANG_WARN_OBJC_LITERAL_CONVERSION = YES;
				CLANG_WARN_OBJC_ROOT_CLASS = YES_ERROR;
				CLANG_WARN_RANGE_LOOP_ANALYSIS = YES;
				CLANG_WARN_STRICT_PROTOTYPES = YES;
				CLANG_WARN_SUSPICIOUS_MOVE = YES;
				CLANG_WARN_UNREACHABLE_CODE = YES;
				CLANG_WARN__DUPLICATE_METHOD_MATCH = YES;
				CODE_SIGN_IDENTITY = "iPhone Distribution: EZEQUIEL SANTOS (54JDK55DR5)";
				"CODE_SIGN_IDENTITY[sdk=iphoneos*]" = "iPhone Distribution: EZEQUIEL SANTOS (54JDK55DR5)";
				COPY_PHASE_STRIP = YES;
				ENABLE_NS_ASSERTIONS = NO;
				ENABLE_STRICT_OBJC_MSGSEND = YES;
				GCC_C_LANGUAGE_STANDARD = gnu99;
				GCC_NO_COMMON_BLOCKS = YES;
				GCC_WARN_64_TO_32_BIT_CONVERSION = YES;
				GCC_WARN_ABOUT_RETURN_TYPE = YES_ERROR;
				GCC_WARN_UNDECLARED_SELECTOR = YES;
				GCC_WARN_UNINITIALIZED_AUTOS = YES_AGGRESSIVE;
				GCC_WARN_UNUSED_FUNCTION = YES;
				GCC_WARN_UNUSED_VARIABLE = YES;
				IPHONEOS_DEPLOYMENT_TARGET = 8.0;
				PROVISIONING_PROFILE = "fc76eaea-e457-4c40-a526-3493afd9452f";
				SDKROOT = iphoneos;
				VALIDATE_PRODUCT = YES;
			};
			name = Distribuition;
		};
		F7E696F819C71C5F00384BF4 /* Distribuition */ = {
			isa = XCBuildConfiguration;
			buildSettings = {
				ASSETCATALOG_COMPILER_APPICON_NAME = AppIcon;
				ASSETCATALOG_COMPILER_LAUNCHIMAGE_NAME = LaunchImage;
				CODE_SIGN_IDENTITY = "";
				"CODE_SIGN_IDENTITY[sdk=iphoneos*]" = "iPhone Developer";
				CODE_SIGN_STYLE = Automatic;
				DEVELOPMENT_TEAM = 54JDK55DR5;
				GCC_PRECOMPILE_PREFIX_HEADER = YES;
				GCC_PREFIX_HEADER = "SpaceTut/SpaceTut-Prefix.pch";
				INFOPLIST_FILE = "SpaceTut/SpaceTut-Info.plist";
				IPHONEOS_DEPLOYMENT_TARGET = 8.0;
				PRODUCT_BUNDLE_IDENTIFIER = "ios.${PRODUCT_NAME:rfc1034identifier}";
				PRODUCT_NAME = "$(TARGET_NAME)";
				PROVISIONING_PROFILE = "";
				PROVISIONING_PROFILE_SPECIFIER = "";
				SPRITEKIT_TEXTURE_ATLAS_OUTPUT = YES;
				WRAPPER_EXTENSION = app;
			};
			name = Distribuition;
		};
		F7E696F919C71C5F00384BF4 /* Distribuition */ = {
			isa = XCBuildConfiguration;
			buildSettings = {
				BUNDLE_LOADER = "$(BUILT_PRODUCTS_DIR)/SpaceTut.app/SpaceTut";
				FRAMEWORK_SEARCH_PATHS = (
					"$(SDKROOT)/Developer/Library/Frameworks",
					"$(inherited)",
					"$(DEVELOPER_FRAMEWORKS_DIR)",
				);
				GCC_PRECOMPILE_PREFIX_HEADER = YES;
				GCC_PREFIX_HEADER = "SpaceTut/SpaceTut-Prefix.pch";
				INFOPLIST_FILE = "SpaceTutTests/SpaceTutTests-Info.plist";
				PRODUCT_BUNDLE_IDENTIFIER = "ios.${PRODUCT_NAME:rfc1034identifier}";
				PRODUCT_NAME = "$(TARGET_NAME)";
				TEST_HOST = "$(BUNDLE_LOADER)";
				WRAPPER_EXTENSION = xctest;
			};
			name = Distribuition;
		};
/* End XCBuildConfiguration section */

/* Begin XCConfigurationList section */
		291CBA4E19082D5D001F6D32 /* Build configuration list for PBXProject "SpaceTut" */ = {
			isa = XCConfigurationList;
			buildConfigurations = (
				291CBA8A19082D5D001F6D32 /* Debug */,
				291CBA8B19082D5D001F6D32 /* Release */,
				F7E696F719C71C5F00384BF4 /* Distribuition */,
			);
			defaultConfigurationIsVisible = 0;
			defaultConfigurationName = Release;
		};
		291CBA8C19082D5D001F6D32 /* Build configuration list for PBXNativeTarget "SpaceTut" */ = {
			isa = XCConfigurationList;
			buildConfigurations = (
				291CBA8D19082D5D001F6D32 /* Debug */,
				291CBA8E19082D5D001F6D32 /* Release */,
				F7E696F819C71C5F00384BF4 /* Distribuition */,
			);
			defaultConfigurationIsVisible = 0;
			defaultConfigurationName = Release;
		};
		291CBA8F19082D5D001F6D32 /* Build configuration list for PBXNativeTarget "SpaceTutTests" */ = {
			isa = XCConfigurationList;
			buildConfigurations = (
				291CBA9019082D5D001F6D32 /* Debug */,
				291CBA9119082D5D001F6D32 /* Release */,
				F7E696F919C71C5F00384BF4 /* Distribuition */,
			);
			defaultConfigurationIsVisible = 0;
			defaultConfigurationName = Release;
		};
/* End XCConfigurationList section */
	};
	rootObject = 291CBA4B19082D5D001F6D32 /* Project object */;
}
